
Microsoft Visual Studio Solution File, Format Version 12.00
# Visual Studio Version 16
VisualStudioVersion = 16.0.30523.141
MinimumVisualStudioVersion = 10.0.40219.1
Project("{FAE04EC0-301F-11D3-BF4B-00C04F79EFBC}") = "Exe_12_Media", "Exe_12_Media.csproj", "{199978D5-F304-4565-B9DA-F590D01FAD76}"
EndProject
Global
	GlobalSection(SolutionConfigurationPlatforms) = preSolution
		Debug|Any CPU = Debug|Any CPU
		Release|Any CPU = Release|Any CPU
	EndGlobalSection
	GlobalSection(ProjectConfigurationPlatforms) = postSolution
		{199978D5-F304-4565-B9DA-F590D01FAD76}.Debug|Any CPU.ActiveCfg = Debug|Any CPU
		{199978D5-F304-4565-B9DA-F590D01FAD76}.Debug|Any CPU.Build.0 = Debug|Any CPU
		{199978D5-F304-4565-B9DA-F590D01FAD76}.Release|Any CPU.ActiveCfg = Release|Any CPU
		{199978D5-F304-4565-B9DA-F590D01FAD76}.Release|Any CPU.Build.0 = Release|Any CPU
	EndGlobalSection
	GlobalSection(SolutionProperties) = preSolution
		HideSolutionNode = FALSE
	EndGlobalSection
	GlobalSection(ExtensibilityGlobals) = postSolution
		SolutionGuid = {090D7F85-802C-4822-8C22-246E0000C72D}
	EndGlobalSection
EndGlobal
